// !$*UTF8*$!
{
	archiveVersion = 1;
	classes = {
	};
	objectVersion = 77;
	objects = {

/* Begin PBXBuildFile section */
		77A378D72FDDAFED00AE2990 /* alarm_applewatch Watch App.app in Embed Watch Content */ = {isa = PBXBuildFile; fileRef = 77A378D62FDDAFED00AE2990 /* alarm_applewatch Watch App.app */; settings = {ATTRIBUTES = (RemoveHeadersOnCopy, ); }; };
/* End PBXBuildFile section */

/* Begin PBXContainerItemProxy section */
		77A378D82FDDAFED00AE2990 /* PBXContainerItemProxy */ = {
			isa = PBXContainerItemProxy;
			containerPortal = 77A378CA2FDDAFED00AE2990 /* Project object */;
			proxyType = 1;
			remoteGlobalIDString = 77A378D52FDDAFED00AE2990;
			remoteInfo = "alarm_applewatch Watch App";
		};
/* End PBXContainerItemProxy section */

/* Begin PBXCopyFilesBuildPhase section */
		77A378E62FDDAFEE00AE2990 /* Embed Watch Content */ = {
			isa = PBXCopyFilesBuildPhase;
			buildActionMask = 2147483647;
			dstPath = "$(CONTENTS_FOLDER_PATH)/Watch";
			dstSubfolderSpec = 16;
			files = (
				77A378D72FDDAFED00AE2990 /* alarm_applewatch Watch App.app in Embed Watch Content */,
			);
			name = "Embed Watch Content";
			runOnlyForDeploymentPostprocessing = 0;
		};
/* End PBXCopyFilesBuildPhase section */

/* Begin PBXFileReference section */
		77A378D02FDDAFED00AE2990 /* alarm_applewatch.app */ = {isa = PBXFileReference; explicitFileType = wrapper.application; includeInIndex = 0; path = alarm_applewatch.app; sourceTree = BUILT_PRODUCTS_DIR; };
		77A378D62FDDAFED00AE2990 /* alarm_applewatch Watch App.app */ = {isa = PBXFileReference; explicitFileType = wrapper.application; includeInIndex = 0; path = "alarm_applewatch Watch App.app"; sourceTree = BUILT_PRODUCTS_DIR; };
		77A379102FDDE00000AE2990 /* ProjectDefaults.xcconfig */ = {isa = PBXFileReference; lastKnownFileType = text.xcconfig; path = ProjectDefaults.xcconfig; sourceTree = "<group>"; };
		77A379112FDDE00000AE2990 /* Local.xcconfig.example */ = {isa = PBXFileReference; lastKnownFileType = text.xcconfig; path = Local.xcconfig.example; sourceTree = "<group>"; };
/* End PBXFileReference section */

/* Begin PBXFileSystemSynchronizedRootGroup section */
		77A378DA2FDDAFED00AE2990 /* alarm_applewatch Watch App */ = {
			isa = PBXFileSystemSynchronizedRootGroup;
			path = "alarm_applewatch Watch App";
			sourceTree = "<group>";
		};
		77A379002FDDBA5A00AE2990 /* alarm_applewatch */ = {
			isa = PBXFileSystemSynchronizedRootGroup;
			path = alarm_applewatch;
			sourceTree = "<group>";
		};
/* End PBXFileSystemSynchronizedRootGroup section */

/* Begin PBXFrameworksBuildPhase section */
		77A378D32FDDAFED00AE2990 /* Frameworks */ = {
			isa = PBXFrameworksBuildPhase;
			buildActionMask = 2147483647;
			files = (
			);
			runOnlyForDeploymentPostprocessing = 0;
		};
/* End PBXFrameworksBuildPhase section */

/* Begin PBXGroup section */
		77A378C92FDDAFED00AE2990 = {
			isa = PBXGroup;
			children = (
				77A379122FDDE00000AE2990 /* config */,
				77A379002FDDBA5A00AE2990 /* alarm_applewatch */,
				77A378DA2FDDAFED00AE2990 /* alarm_applewatch Watch App */,
				77A378D12FDDAFED00AE2990 /* Products */,
			);
			sourceTree = "<group>";
		};
		77A378D12FDDAFED00AE2990 /* Products */ = {
			isa = PBXGroup;
			children = (
				77A378D02FDDAFED00AE2990 /* alarm_applewatch.app */,
				77A378D62FDDAFED00AE2990 /* alarm_applewatch Watch App.app */,
			);
			name = Products;
			sourceTree = "<group>";
		};
		77A379122FDDE00000AE2990 /* config */ = {
			isa = PBXGroup;
			children = (
				77A379102FDDE00000AE2990 /* ProjectDefaults.xcconfig */,
				77A379112FDDE00000AE2990 /* Local.xcconfig.example */,
			);
			path = config;
			sourceTree = "<group>";
		};
/* End PBXGroup section */

/* Begin PBXNativeTarget section */
		77A378CF2FDDAFED00AE2990 /* alarm_applewatch */ = {
			isa = PBXNativeTarget;
			buildConfigurationList = 77A378E72FDDAFEE00AE2990 /* Build configuration list for PBXNativeTarget "alarm_applewatch" */;
			buildPhases = (
				77A379012FDDBA5A00AE2990 /* Sources */,
				77A378CE2FDDAFED00AE2990 /* Resources */,
				77A378E62FDDAFEE00AE2990 /* Embed Watch Content */,
			);
			buildRules = (
			);
			dependencies = (
				77A378D92FDDAFED00AE2990 /* PBXTargetDependency */,
			);
			fileSystemSynchronizedGroups = (
				77A379002FDDBA5A00AE2990 /* alarm_applewatch */,
			);
			name = alarm_applewatch;
			packageProductDependencies = (
			);
			productName = alarm_applewatch;
			productReference = 77A378D02FDDAFED00AE2990 /* alarm_applewatch.app */;
			productType = "com.apple.product-type.application";
		};
		77A378D52FDDAFED00AE2990 /* alarm_applewatch Watch App */ = {
			isa = PBXNativeTarget;
			buildConfigurationList = 77A378E32FDDAFEE00AE2990 /* Build configuration list for PBXNativeTarget "alarm_applewatch Watch App" */;
			buildPhases = (
				77A378D22FDDAFED00AE2990 /* Sources */,
				77A378D32FDDAFED00AE2990 /* Frameworks */,
				77A378D42FDDAFED00AE2990 /* Resources */,
			);
			buildRules = (
			);
			dependencies = (
			);
			fileSystemSynchronizedGroups = (
				77A378DA2FDDAFED00AE2990 /* alarm_applewatch Watch App */,
			);
			name = "alarm_applewatch Watch App";
			packageProductDependencies = (
			);
			productName = "alarm_applewatch Watch App";
			productReference = 77A378D62FDDAFED00AE2990 /* alarm_applewatch Watch App.app */;
			productType = "com.apple.product-type.application";
		};
/* End PBXNativeTarget section */

/* Begin PBXProject section */
		77A378CA2FDDAFED00AE2990 /* Project object */ = {
			isa = PBXProject;
			attributes = {
				BuildIndependentTargetsInParallel = 1;
				LastSwiftUpdateCheck = 2650;
				LastUpgradeCheck = 2650;
				TargetAttributes = {
					77A378CF2FDDAFED00AE2990 = {
						CreatedOnToolsVersion = 26.5;
					};
					77A378D52FDDAFED00AE2990 = {
						CreatedOnToolsVersion = 26.5;
					};
				};
			};
			buildConfigurationList = 77A378CD2FDDAFED00AE2990 /* Build configuration list for PBXProject "alarm_applewatch" */;
			developmentRegion = en;
			hasScannedForEncodings = 0;
			knownRegions = (
				en,
				Base,
			);
			mainGroup = 77A378C92FDDAFED00AE2990;
			minimizedProjectReferenceProxies = 1;
			preferredProjectObjectVersion = 77;
			productRefGroup = 77A378D12FDDAFED00AE2990 /* Products */;
			projectDirPath = "";
			projectRoot = "";
			targets = (
				77A378CF2FDDAFED00AE2990 /* alarm_applewatch */,
				77A378D52FDDAFED00AE2990 /* alarm_applewatch Watch App */,
			);
		};
/* End PBXProject section */

/* Begin PBXResourcesBuildPhase section */
		77A378CE2FDDAFED00AE2990 /* Resources */ = {
			isa = PBXResourcesBuildPhase;
			buildActionMask = 2147483647;
			files = (
			);
			runOnlyForDeploymentPostprocessing = 0;
		};
		77A378D42FDDAFED00AE2990 /* Resources */ = {
			isa = PBXResourcesBuildPhase;
			buildActionMask = 2147483647;
			files = (
			);
			runOnlyForDeploymentPostprocessing = 0;
		};
/* End PBXResourcesBuildPhase section */

/* Begin PBXSourcesBuildPhase section */
		77A378D22FDDAFED00AE2990 /* Sources */ = {
			isa = PBXSourcesBuildPhase;
			buildActionMask = 2147483647;
			files = (
			);
			runOnlyForDeploymentPostprocessing = 0;
		};
		77A379012FDDBA5A00AE2990 /* Sources */ = {
			isa = PBXSourcesBuildPhase;
			buildActionMask = 2147483647;
			files = (
			);
			runOnlyForDeploymentPostprocessing = 0;
		};
/* End PBXSourcesBuildPhase section */

/* Begin PBXTargetDependency section */
		77A378D92FDDAFED00AE2990 /* PBXTargetDependency */ = {
			isa = PBXTargetDependency;
			target = 77A378D52FDDAFED00AE2990 /* alarm_applewatch Watch App */;
			targetProxy = 77A378D82FDDAFED00AE2990 /* PBXContainerItemProxy */;
		};
/* End PBXTargetDependency section */

/* Begin XCBuildConfiguration section */
		77A378E12FDDAFEE00AE2990 /* Debug */ = {
			isa = XCBuildConfiguration;
			baseConfigurationReference = 77A379102FDDE00000AE2990 /* ProjectDefaults.xcconfig */;
			buildSettings = {
				ALWAYS_SEARCH_USER_PATHS = NO;
				ASSETCATALOG_COMPILER_GENERATE_SWIFT_ASSET_SYMBOL_EXTENSIONS = YES;
				CLANG_ANALYZER_NONNULL = YES;
				CLANG_ANALYZER_NUMBER_OBJECT_CONVERSION = YES_AGGRESSIVE;
				CLANG_CXX_LANGUAGE_STANDARD = "gnu++20";
				CLANG_ENABLE_MODULES = YES;
				CLANG_ENABLE_OBJC_ARC = YES;
				CLANG_ENABLE_OBJC_WEAK = YES;
				CLANG_WARN_BLOCK_CAPTURE_AUTORELEASING = YES;
				CLANG_WARN_BOOL_CONVERSION = YES;
				CLANG_WARN_COMMA = YES;
				CLANG_WARN_CONSTANT_CONVERSION = YES;
				CLANG_WARN_DEPRECATED_OBJC_IMPLEMENTATIONS = YES;
				CLANG_WARN_DIRECT_OBJC_ISA_USAGE = YES_ERROR;
				CLANG_WARN_DOCUMENTATION_COMMENTS = YES;
				CLANG_WARN_EMPTY_BODY = YES;
				CLANG_WARN_ENUM_CONVERSION = YES;
				CLANG_WARN_INFINITE_RECURSION = YES;
				CLANG_WARN_INT_CONVERSION = YES;
				CLANG_WARN_NON_LITERAL_NULL_CONVERSION = YES;
				CLANG_WARN_OBJC_IMPLICIT_RETAIN_SELF = YES;
				CLANG_WARN_OBJC_LITERAL_CONVERSION = YES;
				CLANG_WARN_OBJC_ROOT_CLASS = YES_ERROR;
				CLANG_WARN_QUOTED_INCLUDE_IN_FRAMEWORK_HEADER = YES;
				CLANG_WARN_RANGE_LOOP_ANALYSIS = YES;
				CLANG_WARN_STRICT_PROTOTYPES = YES;
				CLANG_WARN_SUSPICIOUS_MOVE = YES;
				CLANG_WARN_UNGUARDED_AVAILABILITY = YES_AGGRESSIVE;
				CLANG_WARN_UNREACHABLE_CODE = YES;
				CLANG_WARN__DUPLICATE_METHOD_MATCH = YES;
				COPY_PHASE_STRIP = NO;
				DEBUG_INFORMATION_FORMAT = dwarf;
				ENABLE_STRICT_OBJC_MSGSEND = YES;
				ENABLE_TESTABILITY = YES;
				ENABLE_USER_SCRIPT_SANDBOXING = YES;
				GCC_C_LANGUAGE_STANDARD = gnu17;
				GCC_DYNAMIC_NO_PIC = NO;
				GCC_NO_COMMON_BLOCKS = YES;
				GCC_OPTIMIZATION_LEVEL = 0;
				GCC_PREPROCESSOR_DEFINITIONS = (
					"DEBUG=1",
					"$(inherited)",
				);
				GCC_WARN_64_TO_32_BIT_CONVERSION = YES;
				GCC_WARN_ABOUT_RETURN_TYPE = YES_ERROR;
				GCC_WARN_UNDECLARED_SELECTOR = YES;
				GCC_WARN_UNINITIALIZED_AUTOS = YES_AGGRESSIVE;
				GCC_WARN_UNUSED_FUNCTION = YES;
				GCC_WARN_UNUSED_VARIABLE = YES;
				LOCALIZATION_PREFERS_STRING_CATALOGS = YES;
				MTL_ENABLE_DEBUG_INFO = INCLUDE_SOURCE;
				MTL_FAST_MATH = YES;
				ONLY_ACTIVE_ARCH = YES;
				SWIFT_ACTIVE_COMPILATION_CONDITIONS = "DEBUG $(inherited)";
				SWIFT_OPTIMIZATION_LEVEL = "-Onone";
			};
			name = Debug;
		};
		77A378E22FDDAFEE00AE2990 /* Release */ = {
			isa = XCBuildConfiguration;
			baseConfigurationReference = 77A379102FDDE00000AE2990 /* ProjectDefaults.xcconfig */;
			buildSettings = {
				ALWAYS_SEARCH_USER_PATHS = NO;
				ASSETCATALOG_COMPILER_GENERATE_SWIFT_ASSET_SYMBOL_EXTENSIONS = YES;
				CLANG_ANALYZER_NONNULL = YES;
				CLANG_ANALYZER_NUMBER_OBJECT_CONVERSION = YES_AGGRESSIVE;
				CLANG_CXX_LANGUAGE_STANDARD = "gnu++20";
				CLANG_ENABLE_MODULES = YES;
				CLANG_ENABLE_OBJC_ARC = YES;
				CLANG_ENABLE_OBJC_WEAK = YES;
				CLANG_WARN_BLOCK_CAPTURE_AUTORELEASING = YES;
				CLANG_WARN_BOOL_CONVERSION = YES;
				CLANG_WARN_COMMA = YES;
				CLANG_WARN_CONSTANT_CONVERSION = YES;
				CLANG_WARN_DEPRECATED_OBJC_IMPLEMENTATIONS = YES;
				CLANG_WARN_DIRECT_OBJC_ISA_USAGE = YES_ERROR;
				CLANG_WARN_DOCUMENTATION_COMMENTS = YES;
				CLANG_WARN_EMPTY_BODY = YES;
				CLANG_WARN_ENUM_CONVERSION = YES;
				CLANG_WARN_INFINITE_RECURSION = YES;
				CLANG_WARN_INT_CONVERSION = YES;
				CLANG_WARN_NON_LITERAL_NULL_CONVERSION = YES;
				CLANG_WARN_OBJC_IMPLICIT_RETAIN_SELF = YES;
				CLANG_WARN_OBJC_LITERAL_CONVERSION = YES;
				CLANG_WARN_OBJC_ROOT_CLASS = YES_ERROR;
				CLANG_WARN_QUOTED_INCLUDE_IN_FRAMEWORK_HEADER = YES;
				CLANG_WARN_RANGE_LOOP_ANALYSIS = YES;
				CLANG_WARN_STRICT_PROTOTYPES = YES;
				CLANG_WARN_SUSPICIOUS_MOVE = YES;
				CLANG_WARN_UNGUARDED_AVAILABILITY = YES_AGGRESSIVE;
				CLANG_WARN_UNREACHABLE_CODE = YES;
				CLANG_WARN__DUPLICATE_METHOD_MATCH = YES;
				COPY_PHASE_STRIP = NO;
				DEBUG_INFORMATION_FORMAT = "dwarf-with-dsym";
				ENABLE_NS_ASSERTIONS = NO;
				ENABLE_STRICT_OBJC_MSGSEND = YES;
				ENABLE_USER_SCRIPT_SANDBOXING = YES;
				GCC_C_LANGUAGE_STANDARD = gnu17;
				GCC_NO_COMMON_BLOCKS = YES;
				GCC_WARN_64_TO_32_BIT_CONVERSION = YES;
				GCC_WARN_ABOUT_RETURN_TYPE = YES_ERROR;
				GCC_WARN_UNDECLARED_SELECTOR = YES;
				GCC_WARN_UNINITIALIZED_AUTOS = YES_AGGRESSIVE;
				GCC_WARN_UNUSED_FUNCTION = YES;
				GCC_WARN_UNUSED_VARIABLE = YES;
				LOCALIZATION_PREFERS_STRING_CATALOGS = YES;
				MTL_ENABLE_DEBUG_INFO = NO;
				MTL_FAST_MATH = YES;
				SWIFT_COMPILATION_MODE = wholemodule;
			};
			name = Release;
		};
		77A378E42FDDAFEE00AE2990 /* Debug */ = {
			isa = XCBuildConfiguration;
			baseConfigurationReference = 77A379102FDDE00000AE2990 /* ProjectDefaults.xcconfig */;
			buildSettings = {
				ASSETCATALOG_COMPILER_APPICON_NAME = AppIcon;
				ASSETCATALOG_COMPILER_GLOBAL_ACCENT_COLOR_NAME = AccentColor;
				CODE_SIGN_ENTITLEMENTS = "alarm_applewatch Watch App/alarm_applewatch_Watch_App.entitlements";
				CODE_SIGN_STYLE = Automatic;
				CURRENT_PROJECT_VERSION = 1;
				DEVELOPMENT_TEAM = "$(APPLE_DEVELOPMENT_TEAM)";
				ENABLE_PREVIEWS = YES;
				GENERATE_INFOPLIST_FILE = NO;
				INFOPLIST_FILE = WatchAppInfo.plist;
				LD_RUNPATH_SEARCH_PATHS = (
					"$(inherited)",
					"@executable_path/Frameworks",
				);
				MARKETING_VERSION = 1.0;
				PRODUCT_BUNDLE_IDENTIFIER = "$(WATCH_APP_BUNDLE_ID)";
				PRODUCT_NAME = "$(TARGET_NAME)";
				SDKROOT = watchos;
				SKIP_INSTALL = YES;
				STRING_CATALOG_GENERATE_SYMBOLS = YES;
				SWIFT_APPROACHABLE_CONCURRENCY = YES;
				SWIFT_DEFAULT_ACTOR_ISOLATION = MainActor;
				SWIFT_EMIT_LOC_STRINGS = YES;
				SWIFT_UPCOMING_FEATURE_MEMBER_IMPORT_VISIBILITY = YES;
				SWIFT_VERSION = 6.0;
				TARGETED_DEVICE_FAMILY = 4;
				WATCHOS_DEPLOYMENT_TARGET = 26.5;
			};
			name = Debug;
		};
		77A378E52FDDAFEE00AE2990 /* Release */ = {
			isa = XCBuildConfiguration;
			baseConfigurationReference = 77A379102FDDE00000AE2990 /* ProjectDefaults.xcconfig */;
			buildSettings = {
				ASSETCATALOG_COMPILER_APPICON_NAME = AppIcon;
				ASSETCATALOG_COMPILER_GLOBAL_ACCENT_COLOR_NAME = AccentColor;
				CODE_SIGN_ENTITLEMENTS = "alarm_applewatch Watch App/alarm_applewatch_Watch_App.entitlements";
				CODE_SIGN_STYLE = Automatic;
				CURRENT_PROJECT_VERSION = 1;
				DEVELOPMENT_TEAM = "$(APPLE_DEVELOPMENT_TEAM)";
				ENABLE_PREVIEWS = YES;
				GENERATE_INFOPLIST_FILE = NO;
				INFOPLIST_FILE = WatchAppInfo.plist;
				LD_RUNPATH_SEARCH_PATHS = (
					"$(inherited)",
					"@executable_path/Frameworks",
				);
				MARKETING_VERSION = 1.0;
				PRODUCT_BUNDLE_IDENTIFIER = "$(WATCH_APP_BUNDLE_ID)";
				PRODUCT_NAME = "$(TARGET_NAME)";
				SDKROOT = watchos;
				SKIP_INSTALL = YES;
				STRING_CATALOG_GENERATE_SYMBOLS = YES;
				SWIFT_APPROACHABLE_CONCURRENCY = YES;
				SWIFT_DEFAULT_ACTOR_ISOLATION = MainActor;
				SWIFT_EMIT_LOC_STRINGS = YES;
				SWIFT_UPCOMING_FEATURE_MEMBER_IMPORT_VISIBILITY = YES;
				SWIFT_VERSION = 6.0;
				TARGETED_DEVICE_FAMILY = 4;
				VALIDATE_PRODUCT = YES;
				WATCHOS_DEPLOYMENT_TARGET = 26.5;
			};
			name = Release;
		};
		77A378E82FDDAFEE00AE2990 /* Debug */ = {
			isa = XCBuildConfiguration;
			baseConfigurationReference = 77A379102FDDE00000AE2990 /* ProjectDefaults.xcconfig */;
			buildSettings = {
				ASSETCATALOG_COMPILER_GENERATE_SWIFT_ASSET_SYMBOL_EXTENSIONS = YES;
				CODE_SIGN_STYLE = Automatic;
				CURRENT_PROJECT_VERSION = 1;
				DEVELOPMENT_TEAM = "$(APPLE_DEVELOPMENT_TEAM)";
				ENABLE_PREVIEWS = YES;
				GENERATE_INFOPLIST_FILE = YES;
				INFOPLIST_KEY_CFBundleDisplayName = alarm_applewatch;
				INFOPLIST_KEY_UIApplicationSceneManifest_Generation = YES;
				INFOPLIST_KEY_UIApplicationSupportsIndirectInputEvents = YES;
				INFOPLIST_KEY_UILaunchScreen_Generation = YES;
				IPHONEOS_DEPLOYMENT_TARGET = 26.5;
				MARKETING_VERSION = 1.0;
				PRODUCT_BUNDLE_IDENTIFIER = "$(IOS_APP_BUNDLE_ID)";
				PRODUCT_NAME = "$(TARGET_NAME)";
				SDKROOT = iphoneos;
				SWIFT_APPROACHABLE_CONCURRENCY = YES;
				SWIFT_DEFAULT_ACTOR_ISOLATION = MainActor;
				SWIFT_EMIT_LOC_STRINGS = YES;
				SWIFT_UPCOMING_FEATURE_MEMBER_IMPORT_VISIBILITY = YES;
				SWIFT_VERSION = 6.0;
				TARGETED_DEVICE_FAMILY = 1;
			};
			name = Debug;
		};
		77A378E92FDDAFEE00AE2990 /* Release */ = {
			isa = XCBuildConfiguration;
			baseConfigurationReference = 77A379102FDDE00000AE2990 /* ProjectDefaults.xcconfig */;
			buildSettings = {
				ASSETCATALOG_COMPILER_GENERATE_SWIFT_ASSET_SYMBOL_EXTENSIONS = YES;
				CODE_SIGN_STYLE = Automatic;
				CURRENT_PROJECT_VERSION = 1;
				DEVELOPMENT_TEAM = "$(APPLE_DEVELOPMENT_TEAM)";
				ENABLE_PREVIEWS = YES;
				GENERATE_INFOPLIST_FILE = YES;
				INFOPLIST_KEY_CFBundleDisplayName = alarm_applewatch;
				INFOPLIST_KEY_UIApplicationSceneManifest_Generation = YES;
				INFOPLIST_KEY_UIApplicationSupportsIndirectInputEvents = YES;
				INFOPLIST_KEY_UILaunchScreen_Generation = YES;
				IPHONEOS_DEPLOYMENT_TARGET = 26.5;
				MARKETING_VERSION = 1.0;
				PRODUCT_BUNDLE_IDENTIFIER = "$(IOS_APP_BUNDLE_ID)";
				PRODUCT_NAME = "$(TARGET_NAME)";
				SDKROOT = iphoneos;
				SWIFT_APPROACHABLE_CONCURRENCY = YES;
				SWIFT_DEFAULT_ACTOR_ISOLATION = MainActor;
				SWIFT_EMIT_LOC_STRINGS = YES;
				SWIFT_UPCOMING_FEATURE_MEMBER_IMPORT_VISIBILITY = YES;
				SWIFT_VERSION = 6.0;
				TARGETED_DEVICE_FAMILY = 1;
				VALIDATE_PRODUCT = YES;
			};
			name = Release;
		};
/* End XCBuildConfiguration section */

/* Begin XCConfigurationList section */
		77A378CD2FDDAFED00AE2990 /* Build configuration list for PBXProject "alarm_applewatch" */ = {
			isa = XCConfigurationList;
			buildConfigurations = (
				77A378E12FDDAFEE00AE2990 /* Debug */,
				77A378E22FDDAFEE00AE2990 /* Release */,
			);
			defaultConfigurationIsVisible = 0;
			defaultConfigurationName = Release;
		};
		77A378E32FDDAFEE00AE2990 /* Build configuration list for PBXNativeTarget "alarm_applewatch Watch App" */ = {
			isa = XCConfigurationList;
			buildConfigurations = (
				77A378E42FDDAFEE00AE2990 /* Debug */,
				77A378E52FDDAFEE00AE2990 /* Release */,
			);
			defaultConfigurationIsVisible = 0;
			defaultConfigurationName = Release;
		};
		77A378E72FDDAFEE00AE2990 /* Build configuration list for PBXNativeTarget "alarm_applewatch" */ = {
			isa = XCConfigurationList;
			buildConfigurations = (
				77A378E82FDDAFEE00AE2990 /* Debug */,
				77A378E92FDDAFEE00AE2990 /* Release */,
			);
			defaultConfigurationIsVisible = 0;
			defaultConfigurationName = Release;
		};
/* End XCConfigurationList section */
	};
	rootObject = 77A378CA2FDDAFED00AE2990 /* Project object */;
}
